
Microsoft Visual Studio Solution File, Format Version 12.00
# Visual Studio Version 16
VisualStudioVersion = 16.0.32106.194
MinimumVisualStudioVersion = 10.0.40219.1
Project("{FAE04EC0-301F-11D3-BF4B-00C04F79EFBC}") = "UI.Desktop", "UI.Desktop\UI.Desktop.csproj", "{BBC75747-6922-431D-B71A-C5DAC7214466}"
EndProject
Project("{FAE04EC0-301F-11D3-BF4B-00C04F79EFBC}") = "Business.Logic", "Business.Logic\Business.Logic.csproj", "{31C05954-1800-42BB-8FCC-FD8CAA8085C9}"
EndProject
Project("{FAE04EC0-301F-11D3-BF4B-00C04F79EFBC}") = "Util", "Util\Util.csproj", "{FD3D7344-CB3F-457C-8E7E-2E0B0DD125C6}"
EndProject
Project("{FAE04EC0-301F-11D3-BF4B-00C04F79EFBC}") = "Business.Entities", "Business.Entities\Business.Entities.csproj", "{553D62B3-624C-4B27-A096-F9C985990997}"
EndProject
Project("{FAE04EC0-301F-11D3-BF4B-00C04F79EFBC}") = "UI.Web", "UI.Web\UI.Web.csproj", "{40C714EF-2008-4DF8-9C23-CD580C3C8DAF}"
EndProject
Project("{FAE04EC0-301F-11D3-BF4B-00C04F79EFBC}") = "Data.Database", "Data.Database\Data.Database\Data.Database.csproj", "{18D1C50F-58E0-4D94-B05B-4A95A146E6BB}"
EndProject
Project("{FAE04EC0-301F-11D3-BF4B-00C04F79EFBC}") = "UI.Consola", "UI.Consola\UI.Consola.csproj", "{C35EE168-6748-4F84-8CB9-D0D9BF17CC76}"
EndProject
Project("{FAE04EC0-301F-11D3-BF4B-00C04F79EFBC}") = "Negocio", "Negocio\Negocio.csproj", "{D3C577F0-CA21-4591-A5BB-43C3C69B6865}"
EndProject
Project("{FAE04EC0-301F-11D3-BF4B-00C04F79EFBC}") = "UI.Web2", "UI.Web2\UI.Web2.csproj", "{3ED99C03-BC89-43E5-BEA6-F812E8E320CE}"
EndProject
Global
	GlobalSection(SolutionConfigurationPlatforms) = preSolution
		Debug|Any CPU = Debug|Any CPU
		Release|Any CPU = Release|Any CPU
	EndGlobalSection
	GlobalSection(ProjectConfigurationPlatforms) = postSolution
		{BBC75747-6922-431D-B71A-C5DAC7214466}.Debug|Any CPU.ActiveCfg = Debug|Any CPU
		{BBC75747-6922-431D-B71A-C5DAC7214466}.Debug|Any CPU.Build.0 = Debug|Any CPU
		{BBC75747-6922-431D-B71A-C5DAC7214466}.Release|Any CPU.ActiveCfg = Release|Any CPU
		{BBC75747-6922-431D-B71A-C5DAC7214466}.Release|Any CPU.Build.0 = Release|Any CPU
		{31C05954-1800-42BB-8FCC-FD8CAA8085C9}.Debug|Any CPU.ActiveCfg = Debug|Any CPU
		{31C05954-1800-42BB-8FCC-FD8CAA8085C9}.Debug|Any CPU.Build.0 = Debug|Any CPU
		{31C05954-1800-42BB-8FCC-FD8CAA8085C9}.Release|Any CPU.ActiveCfg = Release|Any CPU
		{31C05954-1800-42BB-8FCC-FD8CAA8085C9}.Release|Any CPU.Build.0 = Release|Any CPU
		{FD3D7344-CB3F-457C-8E7E-2E0B0DD125C6}.Debug|Any CPU.ActiveCfg = Debug|Any CPU
		{FD3D7344-CB3F-457C-8E7E-2E0B0DD125C6}.Debug|Any CPU.Build.0 = Debug|Any CPU
		{FD3D7344-CB3F-457C-8E7E-2E0B0DD125C6}.Release|Any CPU.ActiveCfg = Release|Any CPU
		{FD3D7344-CB3F-457C-8E7E-2E0B0DD125C6}.Release|Any CPU.Build.0 = Release|Any CPU
		{553D62B3-624C-4B27-A096-F9C985990997}.Debug|Any CPU.ActiveCfg = Debug|Any CPU
		{553D62B3-624C-4B27-A096-F9C985990997}.Debug|Any CPU.Build.0 = Debug|Any CPU
		{553D62B3-624C-4B27-A096-F9C985990997}.Release|Any CPU.ActiveCfg = Release|Any CPU
		{553D62B3-624C-4B27-A096-F9C985990997}.Release|Any CPU.Build.0 = Release|Any CPU
		{40C714EF-2008-4DF8-9C23-CD580C3C8DAF}.Debug|Any CPU.ActiveCfg = Debug|Any CPU
		{40C714EF-2008-4DF8-9C23-CD580C3C8DAF}.Debug|Any CPU.Build.0 = Debug|Any CPU
		{40C714EF-2008-4DF8-9C23-CD580C3C8DAF}.Release|Any CPU.ActiveCfg = Release|Any CPU
		{40C714EF-2008-4DF8-9C23-CD580C3C8DAF}.Release|Any CPU.Build.0 = Release|Any CPU
		{18D1C50F-58E0-4D94-B05B-4A95A146E6BB}.Debug|Any CPU.ActiveCfg = Debug|Any CPU
		{18D1C50F-58E0-4D94-B05B-4A95A146E6BB}.Debug|Any CPU.Build.0 = Debug|Any CPU
		{18D1C50F-58E0-4D94-B05B-4A95A146E6BB}.Release|Any CPU.ActiveCfg = Release|Any CPU
		{18D1C50F-58E0-4D94-B05B-4A95A146E6BB}.Release|Any CPU.Build.0 = Release|Any CPU
		{C35EE168-6748-4F84-8CB9-D0D9BF17CC76}.Debug|Any CPU.ActiveCfg = Debug|Any CPU
		{C35EE168-6748-4F84-8CB9-D0D9BF17CC76}.Debug|Any CPU.Build.0 = Debug|Any CPU
		{C35EE168-6748-4F84-8CB9-D0D9BF17CC76}.Release|Any CPU.ActiveCfg = Release|Any CPU
		{C35EE168-6748-4F84-8CB9-D0D9BF17CC76}.Release|Any CPU.Build.0 = Release|Any CPU
		{D3C577F0-CA21-4591-A5BB-43C3C69B6865}.Debug|Any CPU.ActiveCfg = Debug|Any CPU
		{D3C577F0-CA21-4591-A5BB-43C3C69B6865}.Debug|Any CPU.Build.0 = Debug|Any CPU
		{D3C577F0-CA21-4591-A5BB-43C3C69B6865}.Release|Any CPU.ActiveCfg = Release|Any CPU
		{D3C577F0-CA21-4591-A5BB-43C3C69B6865}.Release|Any CPU.Build.0 = Release|Any CPU
		{3ED99C03-BC89-43E5-BEA6-F812E8E320CE}.Debug|Any CPU.ActiveCfg = Debug|Any CPU
		{3ED99C03-BC89-43E5-BEA6-F812E8E320CE}.Debug|Any CPU.Build.0 = Debug|Any CPU
		{3ED99C03-BC89-43E5-BEA6-F812E8E320CE}.Release|Any CPU.ActiveCfg = Release|Any CPU
		{3ED99C03-BC89-43E5-BEA6-F812E8E320CE}.Release|Any CPU.Build.0 = Release|Any CPU
	EndGlobalSection
	GlobalSection(SolutionProperties) = preSolution
		HideSolutionNode = FALSE
	EndGlobalSection
	GlobalSection(ExtensibilityGlobals) = postSolution
		SolutionGuid = {2C308952-7FAB-4B7C-851C-A5E9BB2F11DB}
	EndGlobalSection
EndGlobal
